
Microsoft Visual Studio Solution File, Format Version 12.00
# Visual Studio 2017
Project("{FAE04EC0-301F-11D3-BF4B-00C04F79EFBC}") = "delfino-vr.Plugins", "delfino-vr.Plugins.csproj", "{460F7C53-0D17-2276-6BD4-FDBFDDE9B06E}"
EndProject
Project("{FAE04EC0-301F-11D3-BF4B-00C04F79EFBC}") = "delfino-vr", "delfino-vr.csproj", "{8EC0CCB7-3FF7-0CB0-14FC-CC4C5276BD87}"
EndProject
Project("{FAE04EC0-301F-11D3-BF4B-00C04F79EFBC}") = "delfino-vr.Editor.Plugins", "delfino-vr.Editor.Plugins.csproj", "{21CF6D65-223B-61D0-1707-81D64D5B509B}"
EndProject
Project("{FAE04EC0-301F-11D3-BF4B-00C04F79EFBC}") = "delfino-vr.Editor", "delfino-vr.Editor.csproj", "{2A9D1B34-F287-DCE5-03F5-B6D7BF55747D}"
EndProject
Global
	GlobalSection(SolutionConfigurationPlatforms) = preSolution
		Debug|Any CPU = Debug|Any CPU
		Release|Any CPU = Release|Any CPU
	EndGlobalSection
	GlobalSection(ProjectConfigurationPlatforms) = postSolution
		{460F7C53-0D17-2276-6BD4-FDBFDDE9B06E}.Debug|Any CPU.ActiveCfg = Debug|Any CPU
		{460F7C53-0D17-2276-6BD4-FDBFDDE9B06E}.Debug|Any CPU.Build.0 = Debug|Any CPU
		{460F7C53-0D17-2276-6BD4-FDBFDDE9B06E}.Release|Any CPU.ActiveCfg = Release|Any CPU
		{460F7C53-0D17-2276-6BD4-FDBFDDE9B06E}.Release|Any CPU.Build.0 = Release|Any CPU
		{8EC0CCB7-3FF7-0CB0-14FC-CC4C5276BD87}.Debug|Any CPU.ActiveCfg = Debug|Any CPU
		{8EC0CCB7-3FF7-0CB0-14FC-CC4C5276BD87}.Debug|Any CPU.Build.0 = Debug|Any CPU
		{8EC0CCB7-3FF7-0CB0-14FC-CC4C5276BD87}.Release|Any CPU.ActiveCfg = Release|Any CPU
		{8EC0CCB7-3FF7-0CB0-14FC-CC4C5276BD87}.Release|Any CPU.Build.0 = Release|Any CPU
		{21CF6D65-223B-61D0-1707-81D64D5B509B}.Debug|Any CPU.ActiveCfg = Debug|Any CPU
		{21CF6D65-223B-61D0-1707-81D64D5B509B}.Debug|Any CPU.Build.0 = Debug|Any CPU
		{21CF6D65-223B-61D0-1707-81D64D5B509B}.Release|Any CPU.ActiveCfg = Release|Any CPU
		{21CF6D65-223B-61D0-1707-81D64D5B509B}.Release|Any CPU.Build.0 = Release|Any CPU
		{2A9D1B34-F287-DCE5-03F5-B6D7BF55747D}.Debug|Any CPU.ActiveCfg = Debug|Any CPU
		{2A9D1B34-F287-DCE5-03F5-B6D7BF55747D}.Debug|Any CPU.Build.0 = Debug|Any CPU
		{2A9D1B34-F287-DCE5-03F5-B6D7BF55747D}.Release|Any CPU.ActiveCfg = Release|Any CPU
		{2A9D1B34-F287-DCE5-03F5-B6D7BF55747D}.Release|Any CPU.Build.0 = Release|Any CPU
	EndGlobalSection
	GlobalSection(SolutionProperties) = preSolution
		HideSolutionNode = FALSE
	EndGlobalSection
EndGlobal
